Microsoft Visual Studio Solution File, Format Version 12.00
# Visual Studio Version 16
VisualStudioVersion = 16.0.31005.135
MinimumVisualStudioVersion = 10.0.40219.1
Project("{9A19103F-16F7-4668-BE54-9A1E7A4F7556}") = "FicharApi", "FicharApi.csproj", "{C90DEE23-7A45-46A4-B385-F3C94646D89D}"
EndProject
Global
	GlobalSection(SolutionProperties) = preSolution
		HideSolutionNode = FALSE
	EndGlobalSection

	GlobalSection(ExtensibilityGlobals) = postSolution
		SolutionGuid = {F4B3F015-852A-4C0E-BD30-5E60A9A28E83}
	EndGlobalSection

	GlobalSection(SolutionConfigurationPlatforms) = preSolution
		Debug|Any CPU = Debug|Any CPU
		Release|Any CPU = Release|Any CPU
	EndGlobalSection

	GlobalSection(ProjectConfigurationPlatforms) = postSolution
		{C90DEE23-7A45-46A4-B385-F3C94646D89D}.Debug|Any CPU.ActiveCfg = Debug|Any CPU
		{C90DEE23-7A45-46A4-B385-F3C94646D89D}.Debug|Any CPU.Build.0 = Debug|Any CPU
		{C90DEE23-7A45-46A4-B385-F3C94646D89D}.Release|Any CPU.ActiveCfg = Release|Any CPU
		{C90DEE23-7A45-46A4-B385-F3C94646D89D}.Release|Any CPU.Build.0 = Release|Any CPU
	EndGlobalSection

EndGlobal
